
Microsoft Visual Studio Solution File, Format Version 12.00
# Visual Studio Version 16
VisualStudioVersion = 16.0.30717.126
MinimumVisualStudioVersion = 10.0.40219.1
Project("{FAE04EC0-301F-11D3-BF4B-00C04F79EFBC}") = "TH_QueueArray", "TH_QueueArray.csproj", "{941CCC6D-5028-41C9-A6E2-4D6993EAB54C}"
EndProject
Global
	GlobalSection(SolutionConfigurationPlatforms) = preSolution
		Debug|Any CPU = Debug|Any CPU
		Release|Any CPU = Release|Any CPU
	EndGlobalSection
	GlobalSection(ProjectConfigurationPlatforms) = postSolution
		{941CCC6D-5028-41C9-A6E2-4D6993EAB54C}.Debug|Any CPU.ActiveCfg = Debug|Any CPU
		{941CCC6D-5028-41C9-A6E2-4D6993EAB54C}.Debug|Any CPU.Build.0 = Debug|Any CPU
		{941CCC6D-5028-41C9-A6E2-4D6993EAB54C}.Release|Any CPU.ActiveCfg = Release|Any CPU
		{941CCC6D-5028-41C9-A6E2-4D6993EAB54C}.Release|Any CPU.Build.0 = Release|Any CPU
	EndGlobalSection
	GlobalSection(SolutionProperties) = preSolution
		HideSolutionNode = FALSE
	EndGlobalSection
	GlobalSection(ExtensibilityGlobals) = postSolution
		SolutionGuid = {642D136E-C4D3-4506-8B0C-D6787C4C0A9D}
	EndGlobalSection
EndGlobal
