
Microsoft Visual Studio Solution File, Format Version 12.00
# Visual Studio Version 16
VisualStudioVersion = 16.0.30717.126
MinimumVisualStudioVersion = 10.0.40219.1
Project("{FAE04EC0-301F-11D3-BF4B-00C04F79EFBC}") = "BT_IncreaseStringHasMaxLength", "BT_IncreaseStringHasMaxLength.csproj", "{9DC85AC3-1114-41B4-80E5-F138CA17059F}"
EndProject
Global
	GlobalSection(SolutionConfigurationPlatforms) = preSolution
		Debug|Any CPU = Debug|Any CPU
		Release|Any CPU = Release|Any CPU
	EndGlobalSection
	GlobalSection(ProjectConfigurationPlatforms) = postSolution
		{9DC85AC3-1114-41B4-80E5-F138CA17059F}.Debug|Any CPU.ActiveCfg = Debug|Any CPU
		{9DC85AC3-1114-41B4-80E5-F138CA17059F}.Debug|Any CPU.Build.0 = Debug|Any CPU
		{9DC85AC3-1114-41B4-80E5-F138CA17059F}.Release|Any CPU.ActiveCfg = Release|Any CPU
		{9DC85AC3-1114-41B4-80E5-F138CA17059F}.Release|Any CPU.Build.0 = Release|Any CPU
	EndGlobalSection
	GlobalSection(SolutionProperties) = preSolution
		HideSolutionNode = FALSE
	EndGlobalSection
	GlobalSection(ExtensibilityGlobals) = postSolution
		SolutionGuid = {955BFEDD-72EE-4EC3-9033-975E02949AD2}
	EndGlobalSection
EndGlobal
