
Microsoft Visual Studio Solution File, Format Version 12.00
# Visual Studio Version 16
VisualStudioVersion = 16.0.30717.126
MinimumVisualStudioVersion = 10.0.40219.1
Project("{FAE04EC0-301F-11D3-BF4B-00C04F79EFBC}") = "BT_MyArrayList", "BT_MyArrayList.csproj", "{0DCB97E4-447F-46C6-9CAE-6ABCD818EED7}"
EndProject
Global
	GlobalSection(SolutionConfigurationPlatforms) = preSolution
		Debug|Any CPU = Debug|Any CPU
		Release|Any CPU = Release|Any CPU
	EndGlobalSection
	GlobalSection(ProjectConfigurationPlatforms) = postSolution
		{0DCB97E4-447F-46C6-9CAE-6ABCD818EED7}.Debug|Any CPU.ActiveCfg = Debug|Any CPU
		{0DCB97E4-447F-46C6-9CAE-6ABCD818EED7}.Debug|Any CPU.Build.0 = Debug|Any CPU
		{0DCB97E4-447F-46C6-9CAE-6ABCD818EED7}.Release|Any CPU.ActiveCfg = Release|Any CPU
		{0DCB97E4-447F-46C6-9CAE-6ABCD818EED7}.Release|Any CPU.Build.0 = Release|Any CPU
	EndGlobalSection
	GlobalSection(SolutionProperties) = preSolution
		HideSolutionNode = FALSE
	EndGlobalSection
	GlobalSection(ExtensibilityGlobals) = postSolution
		SolutionGuid = {D6238857-7188-4166-9057-FDF3D18A39F7}
	EndGlobalSection
EndGlobal
