
Microsoft Visual Studio Solution File, Format Version 12.00
# Visual Studio Version 16
VisualStudioVersion = 16.0.30717.126
MinimumVisualStudioVersion = 10.0.40219.1
Project("{FAE04EC0-301F-11D3-BF4B-00C04F79EFBC}") = "BT_MyLinkedList", "BT_MyLinkedList.csproj", "{336B4A5F-1D34-4A20-972F-A64414D42CBD}"
EndProject
Global
	GlobalSection(SolutionConfigurationPlatforms) = preSolution
		Debug|Any CPU = Debug|Any CPU
		Release|Any CPU = Release|Any CPU
	EndGlobalSection
	GlobalSection(ProjectConfigurationPlatforms) = postSolution
		{336B4A5F-1D34-4A20-972F-A64414D42CBD}.Debug|Any CPU.ActiveCfg = Debug|Any CPU
		{336B4A5F-1D34-4A20-972F-A64414D42CBD}.Debug|Any CPU.Build.0 = Debug|Any CPU
		{336B4A5F-1D34-4A20-972F-A64414D42CBD}.Release|Any CPU.ActiveCfg = Release|Any CPU
		{336B4A5F-1D34-4A20-972F-A64414D42CBD}.Release|Any CPU.Build.0 = Release|Any CPU
	EndGlobalSection
	GlobalSection(SolutionProperties) = preSolution
		HideSolutionNode = FALSE
	EndGlobalSection
	GlobalSection(ExtensibilityGlobals) = postSolution
		SolutionGuid = {BFD83295-BC6E-4203-974D-F22BC784EEF6}
	EndGlobalSection
EndGlobal
