
Microsoft Visual Studio Solution File, Format Version 12.00
# Visual Studio Version 16
VisualStudioVersion = 16.0.30717.126
MinimumVisualStudioVersion = 10.0.40219.1
Project("{FAE04EC0-301F-11D3-BF4B-00C04F79EFBC}") = "TH_ArrayList", "TH_ArrayList.csproj", "{28E10F61-A9C0-4F72-A1B6-BC560B0D2D9B}"
EndProject
Global
	GlobalSection(SolutionConfigurationPlatforms) = preSolution
		Debug|Any CPU = Debug|Any CPU
		Release|Any CPU = Release|Any CPU
	EndGlobalSection
	GlobalSection(ProjectConfigurationPlatforms) = postSolution
		{28E10F61-A9C0-4F72-A1B6-BC560B0D2D9B}.Debug|Any CPU.ActiveCfg = Debug|Any CPU
		{28E10F61-A9C0-4F72-A1B6-BC560B0D2D9B}.Debug|Any CPU.Build.0 = Debug|Any CPU
		{28E10F61-A9C0-4F72-A1B6-BC560B0D2D9B}.Release|Any CPU.ActiveCfg = Release|Any CPU
		{28E10F61-A9C0-4F72-A1B6-BC560B0D2D9B}.Release|Any CPU.Build.0 = Release|Any CPU
	EndGlobalSection
	GlobalSection(SolutionProperties) = preSolution
		HideSolutionNode = FALSE
	EndGlobalSection
	GlobalSection(ExtensibilityGlobals) = postSolution
		SolutionGuid = {0C9C45CC-7E53-487D-B5DF-030033F4D712}
	EndGlobalSection
EndGlobal
