
Microsoft Visual Studio Solution File, Format Version 12.00
# Visual Studio Version 16
VisualStudioVersion = 16.0.30717.126
MinimumVisualStudioVersion = 10.0.40219.1
Project("{FAE04EC0-301F-11D3-BF4B-00C04F79EFBC}") = "TH_ClassShape", "TH_ClassShape.csproj", "{B6CA4D85-2E40-4D0C-9346-A27189ECEDF0}"
EndProject
Global
	GlobalSection(SolutionConfigurationPlatforms) = preSolution
		Debug|Any CPU = Debug|Any CPU
		Release|Any CPU = Release|Any CPU
	EndGlobalSection
	GlobalSection(ProjectConfigurationPlatforms) = postSolution
		{B6CA4D85-2E40-4D0C-9346-A27189ECEDF0}.Debug|Any CPU.ActiveCfg = Debug|Any CPU
		{B6CA4D85-2E40-4D0C-9346-A27189ECEDF0}.Debug|Any CPU.Build.0 = Debug|Any CPU
		{B6CA4D85-2E40-4D0C-9346-A27189ECEDF0}.Release|Any CPU.ActiveCfg = Release|Any CPU
		{B6CA4D85-2E40-4D0C-9346-A27189ECEDF0}.Release|Any CPU.Build.0 = Release|Any CPU
	EndGlobalSection
	GlobalSection(SolutionProperties) = preSolution
		HideSolutionNode = FALSE
	EndGlobalSection
	GlobalSection(ExtensibilityGlobals) = postSolution
		SolutionGuid = {894CB719-28A9-4E88-A6CA-BD1E136A1248}
	EndGlobalSection
EndGlobal
