
Microsoft Visual Studio Solution File, Format Version 12.00
# Visual Studio Version 16
VisualStudioVersion = 16.0.30717.126
MinimumVisualStudioVersion = 10.0.40219.1
Project("{FAE04EC0-301F-11D3-BF4B-00C04F79EFBC}") = "BT_IsPalindrome", "BT_IsPalindrome.csproj", "{B14FEAFF-4E3C-4454-8079-6901FF278275}"
EndProject
Global
	GlobalSection(SolutionConfigurationPlatforms) = preSolution
		Debug|Any CPU = Debug|Any CPU
		Release|Any CPU = Release|Any CPU
	EndGlobalSection
	GlobalSection(ProjectConfigurationPlatforms) = postSolution
		{B14FEAFF-4E3C-4454-8079-6901FF278275}.Debug|Any CPU.ActiveCfg = Debug|Any CPU
		{B14FEAFF-4E3C-4454-8079-6901FF278275}.Debug|Any CPU.Build.0 = Debug|Any CPU
		{B14FEAFF-4E3C-4454-8079-6901FF278275}.Release|Any CPU.ActiveCfg = Release|Any CPU
		{B14FEAFF-4E3C-4454-8079-6901FF278275}.Release|Any CPU.Build.0 = Release|Any CPU
	EndGlobalSection
	GlobalSection(SolutionProperties) = preSolution
		HideSolutionNode = FALSE
	EndGlobalSection
	GlobalSection(ExtensibilityGlobals) = postSolution
		SolutionGuid = {5607E938-9BCC-4316-9876-40F9DFC3DEF9}
	EndGlobalSection
EndGlobal
