
Microsoft Visual Studio Solution File, Format Version 12.00
# Visual Studio Version 16
VisualStudioVersion = 16.0.30717.126
MinimumVisualStudioVersion = 10.0.40219.1
Project("{FAE04EC0-301F-11D3-BF4B-00C04F79EFBC}") = "Tennis", "Tennis.csproj", "{8FCBD865-F8CD-447B-A686-1BA232F120DE}"
EndProject
Global
	GlobalSection(SolutionConfigurationPlatforms) = preSolution
		Debug|Any CPU = Debug|Any CPU
		Release|Any CPU = Release|Any CPU
	EndGlobalSection
	GlobalSection(ProjectConfigurationPlatforms) = postSolution
		{8FCBD865-F8CD-447B-A686-1BA232F120DE}.Debug|Any CPU.ActiveCfg = Debug|Any CPU
		{8FCBD865-F8CD-447B-A686-1BA232F120DE}.Debug|Any CPU.Build.0 = Debug|Any CPU
		{8FCBD865-F8CD-447B-A686-1BA232F120DE}.Release|Any CPU.ActiveCfg = Release|Any CPU
		{8FCBD865-F8CD-447B-A686-1BA232F120DE}.Release|Any CPU.Build.0 = Release|Any CPU
	EndGlobalSection
	GlobalSection(SolutionProperties) = preSolution
		HideSolutionNode = FALSE
	EndGlobalSection
	GlobalSection(ExtensibilityGlobals) = postSolution
		SolutionGuid = {9EAFC494-9978-434C-AD62-40191A16B925}
	EndGlobalSection
EndGlobal
