
Microsoft Visual Studio Solution File, Format Version 12.00
# Visual Studio Version 16
VisualStudioVersion = 16.0.30717.126
MinimumVisualStudioVersion = 10.0.40219.1
Project("{FAE04EC0-301F-11D3-BF4B-00C04F79EFBC}") = "BT_Resizeable", "BT_Resizeable.csproj", "{729A6B99-1460-4939-B374-D522C2239000}"
EndProject
Global
	GlobalSection(SolutionConfigurationPlatforms) = preSolution
		Debug|Any CPU = Debug|Any CPU
		Release|Any CPU = Release|Any CPU
	EndGlobalSection
	GlobalSection(ProjectConfigurationPlatforms) = postSolution
		{729A6B99-1460-4939-B374-D522C2239000}.Debug|Any CPU.ActiveCfg = Debug|Any CPU
		{729A6B99-1460-4939-B374-D522C2239000}.Debug|Any CPU.Build.0 = Debug|Any CPU
		{729A6B99-1460-4939-B374-D522C2239000}.Release|Any CPU.ActiveCfg = Release|Any CPU
		{729A6B99-1460-4939-B374-D522C2239000}.Release|Any CPU.Build.0 = Release|Any CPU
	EndGlobalSection
	GlobalSection(SolutionProperties) = preSolution
		HideSolutionNode = FALSE
	EndGlobalSection
	GlobalSection(ExtensibilityGlobals) = postSolution
		SolutionGuid = {D7270359-81F9-469E-A6C4-9F810B80ADED}
	EndGlobalSection
EndGlobal
