
Microsoft Visual Studio Solution File, Format Version 12.00
# Visual Studio Version 16
VisualStudioVersion = 16.0.30717.126
MinimumVisualStudioVersion = 10.0.40219.1
Project("{9A19103F-16F7-4668-BE54-9A1E7A4F7556}") = "Shape", "Shape.csproj", "{3FA313F3-8B73-4F7B-A813-AF975418AD9B}"
EndProject
Project("{FAE04EC0-301F-11D3-BF4B-00C04F79EFBC}") = "IResizeableTest", "..\IResizeableTest\IResizeableTest.csproj", "{AB456CB0-F255-4338-BE9A-D7B17A067FC7}"
EndProject
Project("{FAE04EC0-301F-11D3-BF4B-00C04F79EFBC}") = "IColorableTest", "..\IColorableTest\IColorableTest.csproj", "{22195BD1-7AFE-4DA0-A1A9-E16ED1F5EF28}"
EndProject
Global
	GlobalSection(SolutionConfigurationPlatforms) = preSolution
		Debug|Any CPU = Debug|Any CPU
		Release|Any CPU = Release|Any CPU
	EndGlobalSection
	GlobalSection(ProjectConfigurationPlatforms) = postSolution
		{3FA313F3-8B73-4F7B-A813-AF975418AD9B}.Debug|Any CPU.ActiveCfg = Debug|Any CPU
		{3FA313F3-8B73-4F7B-A813-AF975418AD9B}.Debug|Any CPU.Build.0 = Debug|Any CPU
		{3FA313F3-8B73-4F7B-A813-AF975418AD9B}.Release|Any CPU.ActiveCfg = Release|Any CPU
		{3FA313F3-8B73-4F7B-A813-AF975418AD9B}.Release|Any CPU.Build.0 = Release|Any CPU
		{AB456CB0-F255-4338-BE9A-D7B17A067FC7}.Debug|Any CPU.ActiveCfg = Debug|Any CPU
		{AB456CB0-F255-4338-BE9A-D7B17A067FC7}.Debug|Any CPU.Build.0 = Debug|Any CPU
		{AB456CB0-F255-4338-BE9A-D7B17A067FC7}.Release|Any CPU.ActiveCfg = Release|Any CPU
		{AB456CB0-F255-4338-BE9A-D7B17A067FC7}.Release|Any CPU.Build.0 = Release|Any CPU
		{22195BD1-7AFE-4DA0-A1A9-E16ED1F5EF28}.Debug|Any CPU.ActiveCfg = Debug|Any CPU
		{22195BD1-7AFE-4DA0-A1A9-E16ED1F5EF28}.Debug|Any CPU.Build.0 = Debug|Any CPU
		{22195BD1-7AFE-4DA0-A1A9-E16ED1F5EF28}.Release|Any CPU.ActiveCfg = Release|Any CPU
		{22195BD1-7AFE-4DA0-A1A9-E16ED1F5EF28}.Release|Any CPU.Build.0 = Release|Any CPU
	EndGlobalSection
	GlobalSection(SolutionProperties) = preSolution
		HideSolutionNode = FALSE
	EndGlobalSection
	GlobalSection(ExtensibilityGlobals) = postSolution
		SolutionGuid = {F07B1D6F-77A5-4267-8E96-61A89A9986B4}
	EndGlobalSection
EndGlobal
