
Microsoft Visual Studio Solution File, Format Version 12.00
# Visual Studio Version 16
VisualStudioVersion = 16.0.30717.126
MinimumVisualStudioVersion = 10.0.40219.1
Project("{FAE04EC0-301F-11D3-BF4B-00C04F79EFBC}") = "BT_Collection_CollectionGeneric", "BT_Collection_CollectionGeneric.csproj", "{3206EBE1-3E3D-48AC-9DC5-2AAD5177FF56}"
EndProject
Global
	GlobalSection(SolutionConfigurationPlatforms) = preSolution
		Debug|Any CPU = Debug|Any CPU
		Release|Any CPU = Release|Any CPU
	EndGlobalSection
	GlobalSection(ProjectConfigurationPlatforms) = postSolution
		{3206EBE1-3E3D-48AC-9DC5-2AAD5177FF56}.Debug|Any CPU.ActiveCfg = Debug|Any CPU
		{3206EBE1-3E3D-48AC-9DC5-2AAD5177FF56}.Debug|Any CPU.Build.0 = Debug|Any CPU
		{3206EBE1-3E3D-48AC-9DC5-2AAD5177FF56}.Release|Any CPU.ActiveCfg = Release|Any CPU
		{3206EBE1-3E3D-48AC-9DC5-2AAD5177FF56}.Release|Any CPU.Build.0 = Release|Any CPU
	EndGlobalSection
	GlobalSection(SolutionProperties) = preSolution
		HideSolutionNode = FALSE
	EndGlobalSection
	GlobalSection(ExtensibilityGlobals) = postSolution
		SolutionGuid = {33D8337B-CEB6-41D5-B847-08B8DC84C9D1}
	EndGlobalSection
EndGlobal
