
Microsoft Visual Studio Solution File, Format Version 12.00
# Visual Studio Version 16
VisualStudioVersion = 16.0.30717.126
MinimumVisualStudioVersion = 10.0.40219.1
Project("{FAE04EC0-301F-11D3-BF4B-00C04F79EFBC}") = "BaiTap1", "BaiTap1.csproj", "{379D52DF-1F27-44F6-A747-C4B9B3B83932}"
EndProject
Global
	GlobalSection(SolutionConfigurationPlatforms) = preSolution
		Debug|Any CPU = Debug|Any CPU
		Release|Any CPU = Release|Any CPU
	EndGlobalSection
	GlobalSection(ProjectConfigurationPlatforms) = postSolution
		{379D52DF-1F27-44F6-A747-C4B9B3B83932}.Debug|Any CPU.ActiveCfg = Debug|Any CPU
		{379D52DF-1F27-44F6-A747-C4B9B3B83932}.Debug|Any CPU.Build.0 = Debug|Any CPU
		{379D52DF-1F27-44F6-A747-C4B9B3B83932}.Release|Any CPU.ActiveCfg = Release|Any CPU
		{379D52DF-1F27-44F6-A747-C4B9B3B83932}.Release|Any CPU.Build.0 = Release|Any CPU
	EndGlobalSection
	GlobalSection(SolutionProperties) = preSolution
		HideSolutionNode = FALSE
	EndGlobalSection
	GlobalSection(ExtensibilityGlobals) = postSolution
		SolutionGuid = {0FD7CF2F-1058-4C01-9A5C-1AB8434AF770}
	EndGlobalSection
EndGlobal
