
Microsoft Visual Studio Solution File, Format Version 12.00
# Visual Studio Version 16
VisualStudioVersion = 16.0.30717.126
MinimumVisualStudioVersion = 10.0.40219.1
Project("{FAE04EC0-301F-11D3-BF4B-00C04F79EFBC}") = "TH_StackLinkedList", "TH_StackLinkedList.csproj", "{DE0E22F0-2639-48E2-BCDA-CE676B000853}"
EndProject
Global
	GlobalSection(SolutionConfigurationPlatforms) = preSolution
		Debug|Any CPU = Debug|Any CPU
		Release|Any CPU = Release|Any CPU
	EndGlobalSection
	GlobalSection(ProjectConfigurationPlatforms) = postSolution
		{DE0E22F0-2639-48E2-BCDA-CE676B000853}.Debug|Any CPU.ActiveCfg = Debug|Any CPU
		{DE0E22F0-2639-48E2-BCDA-CE676B000853}.Debug|Any CPU.Build.0 = Debug|Any CPU
		{DE0E22F0-2639-48E2-BCDA-CE676B000853}.Release|Any CPU.ActiveCfg = Release|Any CPU
		{DE0E22F0-2639-48E2-BCDA-CE676B000853}.Release|Any CPU.Build.0 = Release|Any CPU
	EndGlobalSection
	GlobalSection(SolutionProperties) = preSolution
		HideSolutionNode = FALSE
	EndGlobalSection
	GlobalSection(ExtensibilityGlobals) = postSolution
		SolutionGuid = {AE46B6A6-0B44-4B39-AEA3-C2345DB230C3}
	EndGlobalSection
EndGlobal
